
Microsoft Visual Studio Solution File, Format Version 12.00
# Visual Studio Version 17
VisualStudioVersion = 17.9.34728.123
MinimumVisualStudioVersion = 10.0.40219.1
Project("{FAE04EC0-301F-11D3-BF4B-00C04F79EFBC}") = "HundeLeksikon", "HundeLeksikon\HundeLeksikon.csproj", "{E0E2A0CC-F7BF-430C-A350-2AFBEFB1A711}"
EndProject
Project("{FAE04EC0-301F-11D3-BF4B-00C04F79EFBC}") = "HundeLeksikon.Client", "HundeLeksikon.Client\HundeLeksikon.Client.csproj", "{15E0ABEE-3CEE-4463-A5A4-F30E058F9FF5}"
EndProject
Global
	GlobalSection(SolutionConfigurationPlatforms) = preSolution
		Debug|Any CPU = Debug|Any CPU
		Release|Any CPU = Release|Any CPU
	EndGlobalSection
	GlobalSection(ProjectConfigurationPlatforms) = postSolution
		{E0E2A0CC-F7BF-430C-A350-2AFBEFB1A711}.Debug|Any CPU.ActiveCfg = Debug|Any CPU
		{E0E2A0CC-F7BF-430C-A350-2AFBEFB1A711}.Debug|Any CPU.Build.0 = Debug|Any CPU
		{E0E2A0CC-F7BF-430C-A350-2AFBEFB1A711}.Release|Any CPU.ActiveCfg = Release|Any CPU
		{E0E2A0CC-F7BF-430C-A350-2AFBEFB1A711}.Release|Any CPU.Build.0 = Release|Any CPU
		{15E0ABEE-3CEE-4463-A5A4-F30E058F9FF5}.Debug|Any CPU.ActiveCfg = Debug|Any CPU
		{15E0ABEE-3CEE-4463-A5A4-F30E058F9FF5}.Debug|Any CPU.Build.0 = Debug|Any CPU
		{15E0ABEE-3CEE-4463-A5A4-F30E058F9FF5}.Release|Any CPU.ActiveCfg = Release|Any CPU
		{15E0ABEE-3CEE-4463-A5A4-F30E058F9FF5}.Release|Any CPU.Build.0 = Release|Any CPU
	EndGlobalSection
	GlobalSection(SolutionProperties) = preSolution
		HideSolutionNode = FALSE
	EndGlobalSection
	GlobalSection(ExtensibilityGlobals) = postSolution
		SolutionGuid = {1C27CC24-D1C5-4CDD-BFDE-1BDD8456EE83}
	EndGlobalSection
EndGlobal
